<Solution>
  <Project Path="CRM.API/CRM.API.csproj" Id="48733467-b683-410c-9e10-a80c9b656c2d" />
  <Project Path="CRM.Models/CRM.Models.csproj" Id="5091c9b0-024f-486b-bf6d-7395220dbcd5" />
  <Project Path="CRMProject/CRMProject.Client/CRMProject.Client.csproj" />
  <Project Path="CRMProject/CRMProject/CRMProject.csproj" />
</Solution>
